# This file is automatically @generated by Poetry 2.2.1 and should not be changed by hand.

[[package]]
name = "igen-shared"
version = "1.0.0"
description = ""
optional = false
python-versions = ">=3.12"
groups = ["main"]
files = []
develop = false

[package.source]
type = "git"
url = "https://github.com/igen-org/igen-shared-py.git"
reference = "v1.0.0"
resolved_reference = "d7df52de5da79fb29ae3f25115dde8f9daaa30e0"

[metadata]
lock-version = "2.1"
python-versions = ">=3.12"
content-hash = "b59007e81f5f97fe9af11df9915821bd90ed7362cdc7be581a9ab35d3d309b74"
