# This file is automatically @generated by Poetry 2.2.1 and should not be changed by hand.

[[package]]
name = "igen-shared"
version = "0.1.0"
description = ""
optional = false
python-versions = ">=3.12"
groups = ["main"]
files = []
develop = false

[package.source]
type = "git"
url = "https://github.com/igen-info/igen-shared-py.git"
reference = "HEAD"
resolved_reference = "f253110e9beccc336270b76f76f42ccaf7141998"

[metadata]
lock-version = "2.1"
python-versions = ">=3.12"
content-hash = "26cafe4a30a9d22f7986459f950e59f0dd186848d9d0ecc34440f716727f095b"
